NeoBundleLock ctrlp.vim f2effdc86abf172d6562ec589fa1aa2c8f136a08
NeoBundleLock neobundle.vim 02bd438c42748980d21f6a01860f383e9cc62335
NeoBundleLock neosnippet-snippets 522c38e28949ae53af8c96d7bcbda192b92e3656
NeoBundleLock neosnippet.vim 3cfe8368cfccffdeab660ca1019696e0fd1aa944
NeoBundleLock vim-colorschemes 81c6dd7ce3169e5ad9ba92422ba6e1ce5b074e36
NeoBundleLock vim-fugitive e065e4f841f4a033ac9a6156573a446007617b1d
NeoBundleLock vim-javascript-syntax 8066c375aa911bd225e07f6d8d5c8661702eec75
NeoBundleLock vimshell 3787e52766812d8b99a93ccdda57517bc2a0bab6
